
Microsoft Visual Studio Solution File, Format Version 12.00
# Visual Studio 15
VisualStudioVersion = 15.0.28307.102
MinimumVisualStudioVersion = 10.0.40219.1
Project("{FAE04EC0-301F-11D3-BF4B-00C04F79EFBC}") = "CodeWebApplication", "CodeWebApplication\CodeWebApplication.csproj", "{2E8A94D7-B4AD-41C6-B1B6-40CBC04D0D73}"
EndProject
Global
	GlobalSection(SolutionConfigurationPlatforms) = preSolution
		Debug|Any CPU = Debug|Any CPU
		Release|Any CPU = Release|Any CPU
	EndGlobalSection
	GlobalSection(ProjectConfigurationPlatforms) = postSolution
		{2E8A94D7-B4AD-41C6-B1B6-40CBC04D0D73}.Debug|Any CPU.ActiveCfg = Debug|Any CPU
		{2E8A94D7-B4AD-41C6-B1B6-40CBC04D0D73}.Debug|Any CPU.Build.0 = Debug|Any CPU
		{2E8A94D7-B4AD-41C6-B1B6-40CBC04D0D73}.Release|Any CPU.ActiveCfg = Release|Any CPU
		{2E8A94D7-B4AD-41C6-B1B6-40CBC04D0D73}.Release|Any CPU.Build.0 = Release|Any CPU
	EndGlobalSection
	GlobalSection(SolutionProperties) = preSolution
		HideSolutionNode = FALSE
	EndGlobalSection
	GlobalSection(ExtensibilityGlobals) = postSolution
		SolutionGuid = {2AD1CE9B-4384-4E14-8AB9-6EC2DA7AFBBD}
	EndGlobalSection
EndGlobal
